
Microsoft Visual Studio Solution File, Format Version 12.00
# Visual Studio 15
VisualStudioVersion = 15.0.28307.168
MinimumVisualStudioVersion = 10.0.40219.1
Project("{FAE04EC0-301F-11D3-BF4B-00C04F79EFBC}") = "zoo", "zoo\zoo.csproj", "{BDE2F9F7-58E9-4DB5-BB85-49D28B9DE1C1}"
EndProject
Project("{FAE04EC0-301F-11D3-BF4B-00C04F79EFBC}") = "ZooTDD", "ZooTDD\ZooTDD.csproj", "{EA8F0D74-46DC-4686-BD58-1C877E426959}"
EndProject
Global
	GlobalSection(SolutionConfigurationPlatforms) = preSolution
		Debug|Any CPU = Debug|Any CPU
		Release|Any CPU = Release|Any CPU
	EndGlobalSection
	GlobalSection(ProjectConfigurationPlatforms) = postSolution
		{BDE2F9F7-58E9-4DB5-BB85-49D28B9DE1C1}.Debug|Any CPU.ActiveCfg = Debug|Any CPU
		{BDE2F9F7-58E9-4DB5-BB85-49D28B9DE1C1}.Debug|Any CPU.Build.0 = Debug|Any CPU
		{BDE2F9F7-58E9-4DB5-BB85-49D28B9DE1C1}.Release|Any CPU.ActiveCfg = Release|Any CPU
		{BDE2F9F7-58E9-4DB5-BB85-49D28B9DE1C1}.Release|Any CPU.Build.0 = Release|Any CPU
		{EA8F0D74-46DC-4686-BD58-1C877E426959}.Debug|Any CPU.ActiveCfg = Debug|Any CPU
		{EA8F0D74-46DC-4686-BD58-1C877E426959}.Debug|Any CPU.Build.0 = Debug|Any CPU
		{EA8F0D74-46DC-4686-BD58-1C877E426959}.Release|Any CPU.ActiveCfg = Release|Any CPU
		{EA8F0D74-46DC-4686-BD58-1C877E426959}.Release|Any CPU.Build.0 = Release|Any CPU
	EndGlobalSection
	GlobalSection(SolutionProperties) = preSolution
		HideSolutionNode = FALSE
	EndGlobalSection
	GlobalSection(ExtensibilityGlobals) = postSolution
		SolutionGuid = {571AEE00-BB13-40C6-8233-662FFD7CDB95}
	EndGlobalSection
EndGlobal
